// !$*UTF8*$!
{
	archiveVersion = 1;
	classes = {
	};
	objectVersion = 46;
	objects = {

/* Begin PBXBuildFile section */
		F30CC9DE1C53E3BA007B3894 /* ContactViewController.swift in Sources */ = {isa = PBXBuildFile; fileRef = F30CC9DD1C53E3BA007B3894 /* ContactViewController.swift */; };
		F35B19B21C5349E8002FABAC /* AppDelegate.swift in Sources */ = {isa = PBXBuildFile; fileRef = F35B19B11C5349E8002FABAC /* AppDelegate.swift */; };
		F35B19B71C5349E8002FABAC /* Main.storyboard in Resources */ = {isa = PBXBuildFile; fileRef = F35B19B51C5349E8002FABAC /* Main.storyboard */; };
		F35B19BC1C5349E8002FABAC /* LaunchScreen.storyboard in Resources */ = {isa = PBXBuildFile; fileRef = F35B19BA1C5349E8002FABAC /* LaunchScreen.storyboard */; };
		F35B19C71C5364FB002FABAC /* ProductViewController.swift in Sources */ = {isa = PBXBuildFile; fileRef = F35B19C61C5364FB002FABAC /* ProductViewController.swift */; };
		F35D94911C544B5600C5E170 /* ProductsTableViewController.swift in Sources */ = {isa = PBXBuildFile; fileRef = F35D94901C544B5600C5E170 /* ProductsTableViewController.swift */; };
		F35D94931C545F4000C5E170 /* Product.swift in Sources */ = {isa = PBXBuildFile; fileRef = F35D94921C545F4000C5E170 /* Product.swift */; };
		F3606AC51C5654970038E235 /* Assets.xcassets in Resources */ = {isa = PBXBuildFile; fileRef = F3606AC41C5654970038E235 /* Assets.xcassets */; };
/* End PBXBuildFile section */

/* Begin PBXFileReference section */
		F30CC9DD1C53E3BA007B3894 /* ContactViewController.swift */ = {isa = PBXFileReference; fileEncoding = 4; lastKnownFileType = sourcecode.swift; name = ContactViewController.swift; path = ../ContactViewController.swift; sourceTree = "<group>"; };
		F35B19AE1C5349E8002FABAC /* CosmedProducts.app */ = {isa = PBXFileReference; explicitFileType = wrapper.application; includeInIndex = 0; path = CosmedProducts.app; sourceTree = BUILT_PRODUCTS_DIR; };
		F35B19B11C5349E8002FABAC /* AppDelegate.swift */ = {isa = PBXFileReference; lastKnownFileType = sourcecode.swift; path = AppDelegate.swift; sourceTree = "<group>"; };
		F35B19B61C5349E8002FABAC /* Base */ = {isa = PBXFileReference; lastKnownFileType = file.storyboard; name = Base; path = Base.lproj/Main.storyboard; sourceTree = "<group>"; };
		F35B19BB1C5349E8002FABAC /* Base */ = {isa = PBXFileReference; lastKnownFileType = file.storyboard; name = Base; path = Base.lproj/LaunchScreen.storyboard; sourceTree = "<group>"; };
		F35B19BD1C5349E8002FABAC /* Info.plist */ = {isa = PBXFileReference; lastKnownFileType = text.plist.xml; path = Info.plist; sourceTree = "<group>"; };
		F35B19C51C534B0C002FABAC /* CosmedProducts.entitlements */ = {isa = PBXFileReference; lastKnownFileType = text.xml; path = CosmedProducts.entitlements; sourceTree = "<group>"; };
		F35B19C61C5364FB002FABAC /* ProductViewController.swift */ = {isa = PBXFileReference; fileEncoding = 4; lastKnownFileType = sourcecode.swift; path = ProductViewController.swift; sourceTree = "<group>"; };
		F35D94901C544B5600C5E170 /* ProductsTableViewController.swift */ = {isa = PBXFileReference; fileEncoding = 4; lastKnownFileType = sourcecode.swift; name = ProductsTableViewController.swift; path = ../ProductsTableViewController.swift; sourceTree = "<group>"; };
		F35D94921C545F4000C5E170 /* Product.swift */ = {isa = PBXFileReference; fileEncoding = 4; lastKnownFileType = sourcecode.swift; name = Product.swift; path = ../Product.swift; sourceTree = "<group>"; };
		F3606AC41C5654970038E235 /* Assets.xcassets */ = {isa = PBXFileReference; lastKnownFileType = folder.assetcatalog; path = Assets.xcassets; sourceTree = "<group>"; };
/* End PBXFileReference section */

/* Begin PBXFrameworksBuildPhase section */
		F35B19AB1C5349E8002FABAC /* Frameworks */ = {
			isa = PBXFrameworksBuildPhase;
			buildActionMask = 2147483647;
			files = (
			);
			runOnlyForDeploymentPostprocessing = 0;
		};
/* End PBXFrameworksBuildPhase section */

/* Begin PBXGroup section */
		F35B19A51C5349E8002FABAC = {
			isa = PBXGroup;
			children = (
				F35B19B01C5349E8002FABAC /* CosmedProducts */,
				F35B19AF1C5349E8002FABAC /* Products */,
			);
			sourceTree = "<group>";
		};
		F35B19AF1C5349E8002FABAC /* Products */ = {
			isa = PBXGroup;
			children = (
				F35B19AE1C5349E8002FABAC /* CosmedProducts.app */,
			);
			name = Products;
			sourceTree = "<group>";
		};
		F35B19B01C5349E8002FABAC /* CosmedProducts */ = {
			isa = PBXGroup;
			children = (
				F35B19C51C534B0C002FABAC /* CosmedProducts.entitlements */,
				F35B19B11C5349E8002FABAC /* AppDelegate.swift */,
				F35B19B51C5349E8002FABAC /* Main.storyboard */,
				F35B19BA1C5349E8002FABAC /* LaunchScreen.storyboard */,
				F35B19BD1C5349E8002FABAC /* Info.plist */,
				F35D94921C545F4000C5E170 /* Product.swift */,
				F35D94901C544B5600C5E170 /* ProductsTableViewController.swift */,
				F30CC9DD1C53E3BA007B3894 /* ContactViewController.swift */,
				F35B19C61C5364FB002FABAC /* ProductViewController.swift */,
				F3606AC41C5654970038E235 /* Assets.xcassets */,
			);
			path = CosmedProducts;
			sourceTree = "<group>";
		};
/* End PBXGroup section */

/* Begin PBXNativeTarget section */
		F35B19AD1C5349E8002FABAC /* CosmedProducts */ = {
			isa = PBXNativeTarget;
			buildConfigurationList = F35B19C01C5349E8002FABAC /* Build configuration list for PBXNativeTarget "CosmedProducts" */;
			buildPhases = (
				F35B19AA1C5349E8002FABAC /* Sources */,
				F35B19AB1C5349E8002FABAC /* Frameworks */,
				F35B19AC1C5349E8002FABAC /* Resources */,
			);
			buildRules = (
			);
			dependencies = (
			);
			name = CosmedProducts;
			productName = CosmedProducts;
			productReference = F35B19AE1C5349E8002FABAC /* CosmedProducts.app */;
			productType = "com.apple.product-type.application";
		};
/* End PBXNativeTarget section */

/* Begin PBXProject section */
		F35B19A61C5349E8002FABAC /* Project object */ = {
			isa = PBXProject;
			attributes = {
				LastSwiftUpdateCheck = 0720;
				LastUpgradeCheck = 0720;
				ORGANIZATIONNAME = "Gabriele Filosofi";
				TargetAttributes = {
					F35B19AD1C5349E8002FABAC = {
						CreatedOnToolsVersion = 7.2;
						DevelopmentTeam = BW3CBQD2N9;
						SystemCapabilities = {
							com.apple.WAC = {
								enabled = 0;
							};
						};
					};
				};
			};
			buildConfigurationList = F35B19A91C5349E8002FABAC /* Build configuration list for PBXProject "CosmedProducts" */;
			compatibilityVersion = "Xcode 3.2";
			developmentRegion = English;
			hasScannedForEncodings = 0;
			knownRegions = (
				en,
				Base,
			);
			mainGroup = F35B19A51C5349E8002FABAC;
			productRefGroup = F35B19AF1C5349E8002FABAC /* Products */;
			projectDirPath = "";
			projectRoot = "";
			targets = (
				F35B19AD1C5349E8002FABAC /* CosmedProducts */,
			);
		};
/* End PBXProject section */

/* Begin PBXResourcesBuildPhase section */
		F35B19AC1C5349E8002FABAC /* Resources */ = {
			isa = PBXResourcesBuildPhase;
			buildActionMask = 2147483647;
			files = (
				F35B19BC1C5349E8002FABAC /* LaunchScreen.storyboard in Resources */,
				F3606AC51C5654970038E235 /* Assets.xcassets in Resources */,
				F35B19B71C5349E8002FABAC /* Main.storyboard in Resources */,
			);
			runOnlyForDeploymentPostprocessing = 0;
		};
/* End PBXResourcesBuildPhase section */

/* Begin PBXSourcesBuildPhase section */
		F35B19AA1C5349E8002FABAC /* Sources */ = {
			isa = PBXSourcesBuildPhase;
			buildActionMask = 2147483647;
			files = (
				F35B19C71C5364FB002FABAC /* ProductViewController.swift in Sources */,
				F35B19B21C5349E8002FABAC /* AppDelegate.swift in Sources */,
				F35D94931C545F4000C5E170 /* Product.swift in Sources */,
				F30CC9DE1C53E3BA007B3894 /* ContactViewController.swift in Sources */,
				F35D94911C544B5600C5E170 /* ProductsTableViewController.swift in Sources */,
			);
			runOnlyForDeploymentPostprocessing = 0;
		};
/* End PBXSourcesBuildPhase section */

/* Begin PBXVariantGroup section */
		F35B19B51C5349E8002FABAC /* Main.storyboard */ = {
			isa = PBXVariantGroup;
			children = (
				F35B19B61C5349E8002FABAC /* Base */,
			);
			name = Main.storyboard;
			sourceTree = "<group>";
		};
		F35B19BA1C5349E8002FABAC /* LaunchScreen.storyboard */ = {
			isa = PBXVariantGroup;
			children = (
				F35B19BB1C5349E8002FABAC /* Base */,
			);
			name = LaunchScreen.storyboard;
			sourceTree = "<group>";
		};
/* End PBXVariantGroup section */

/* Begin XCBuildConfiguration section */
		F35B19BE1C5349E8002FABAC /* Debug */ = {
			isa = XCBuildConfiguration;
			buildSettings = {
				ALWAYS_SEARCH_USER_PATHS = NO;
				CLANG_CXX_LANGUAGE_STANDARD = "gnu++0x";
				CLANG_CXX_LIBRARY = "libc++";
				CLANG_ENABLE_MODULES = YES;
				CLANG_ENABLE_OBJC_ARC = YES;
				CLANG_WARN_BOOL_CONVERSION = YES;
				CLANG_WARN_CONSTANT_CONVERSION = YES;
				CLANG_WARN_DIRECT_OBJC_ISA_USAGE = YES_ERROR;
				CLANG_WARN_EMPTY_BODY = YES;
				CLANG_WARN_ENUM_CONVERSION = YES;
				CLANG_WARN_INT_CONVERSION = YES;
				CLANG_WARN_OBJC_ROOT_CLASS = YES_ERROR;
				CLANG_WARN_UNREACHABLE_CODE = YES;
				CLANG_WARN__DUPLICATE_METHOD_MATCH = YES;
				"CODE_SIGN_IDENTITY[sdk=iphoneos*]" = "iPhone Developer";
				COPY_PHASE_STRIP = NO;
				DEBUG_INFORMATION_FORMAT = dwarf;
				ENABLE_STRICT_OBJC_MSGSEND = YES;
				ENABLE_TESTABILITY = YES;
				GCC_C_LANGUAGE_STANDARD = gnu99;
				GCC_DYNAMIC_NO_PIC = NO;
				GCC_NO_COMMON_BLOCKS = YES;
				GCC_OPTIMIZATION_LEVEL = 0;
				GCC_PREPROCESSOR_DEFINITIONS = (
					"DEBUG=1",
					"$(inherited)",
				);
				GCC_WARN_64_TO_32_BIT_CONVERSION = YES;
				GCC_WARN_ABOUT_RETURN_TYPE = YES_ERROR;
				GCC_WARN_UNDECLARED_SELECTOR = YES;
				GCC_WARN_UNINITIALIZED_AUTOS = YES_AGGRESSIVE;
				GCC_WARN_UNUSED_FUNCTION = YES;
				GCC_WARN_UNUSED_VARIABLE = YES;
				IPHONEOS_DEPLOYMENT_TARGET = 9.2;
				MTL_ENABLE_DEBUG_INFO = YES;
				ONLY_ACTIVE_ARCH = YES;
				SDKROOT = iphoneos;
				SWIFT_OPTIMIZATION_LEVEL = "-Onone";
			};
			name = Debug;
		};
		F35B19BF1C5349E8002FABAC /* Release */ = {
			isa = XCBuildConfiguration;
			buildSettings = {
				ALWAYS_SEARCH_USER_PATHS = NO;
				CLANG_CXX_LANGUAGE_STANDARD = "gnu++0x";
				CLANG_CXX_LIBRARY = "libc++";
				CLANG_ENABLE_MODULES = YES;
				CLANG_ENABLE_OBJC_ARC = YES;
				CLANG_WARN_BOOL_CONVERSION = YES;
				CLANG_WARN_CONSTANT_CONVERSION = YES;
				CLANG_WARN_DIRECT_OBJC_ISA_USAGE = YES_ERROR;
				CLANG_WARN_EMPTY_BODY = YES;
				CLANG_WARN_ENUM_CONVERSION = YES;
				CLANG_WARN_INT_CONVERSION = YES;
				CLANG_WARN_OBJC_ROOT_CLASS = YES_ERROR;
				CLANG_WARN_UNREACHABLE_CODE = YES;
				CLANG_WARN__DUPLICATE_METHOD_MATCH = YES;
				"CODE_SIGN_IDENTITY[sdk=iphoneos*]" = "iPhone Developer";
				COPY_PHASE_STRIP = NO;
				DEBUG_INFORMATION_FORMAT = "dwarf-with-dsym";
				ENABLE_NS_ASSERTIONS = NO;
				ENABLE_STRICT_OBJC_MSGSEND = YES;
				GCC_C_LANGUAGE_STANDARD = gnu99;
				GCC_NO_COMMON_BLOCKS = YES;
				GCC_WARN_64_TO_32_BIT_CONVERSION = YES;
				GCC_WARN_ABOUT_RETURN_TYPE = YES_ERROR;
				GCC_WARN_UNDECLARED_SELECTOR = YES;
				GCC_WARN_UNINITIALIZED_AUTOS = YES_AGGRESSIVE;
				GCC_WARN_UNUSED_FUNCTION = YES;
				GCC_WARN_UNUSED_VARIABLE = YES;
				IPHONEOS_DEPLOYMENT_TARGET = 9.2;
				MTL_ENABLE_DEBUG_INFO = NO;
				SDKROOT = iphoneos;
				VALIDATE_PRODUCT = YES;
			};
			name = Release;
		};
		F35B19C11C5349E8002FABAC /* Debug */ = {
			isa = XCBuildConfiguration;
			buildSettings = {
				ASSETCATALOG_COMPILER_APPICON_NAME = AppIcon;
				ASSETCATALOG_COMPILER_LAUNCHIMAGE_NAME = LaunchImage;
				CODE_SIGN_IDENTITY = "iPhone Developer";
				"CODE_SIGN_IDENTITY[sdk=iphoneos*]" = "iPhone Developer";
				INFOPLIST_FILE = CosmedProducts/Info.plist;
				LD_RUNPATH_SEARCH_PATHS = "$(inherited) @executable_path/Frameworks";
				PRODUCT_BUNDLE_IDENTIFIER = com.cosmed.CosmedProducts;
				PRODUCT_NAME = "$(TARGET_NAME)";
				PROVISIONING_PROFILE = "";
			};
			name = Debug;
		};
		F35B19C21C5349E8002FABAC /* Release */ = {
			isa = XCBuildConfiguration;
			buildSettings = {
				ASSETCATALOG_COMPILER_APPICON_NAME = AppIcon;
				ASSETCATALOG_COMPILER_LAUNCHIMAGE_NAME = LaunchImage;
				CODE_SIGN_IDENTITY = "iPhone Developer";
				"CODE_SIGN_IDENTITY[sdk=iphoneos*]" = "iPhone Developer";
				INFOPLIST_FILE = CosmedProducts/Info.plist;
				LD_RUNPATH_SEARCH_PATHS = "$(inherited) @executable_path/Frameworks";
				PRODUCT_BUNDLE_IDENTIFIER = com.cosmed.CosmedProducts;
				PRODUCT_NAME = "$(TARGET_NAME)";
				PROVISIONING_PROFILE = "";
			};
			name = Release;
		};
/* End XCBuildConfiguration section */

/* Begin XCConfigurationList section */
		F35B19A91C5349E8002FABAC /* Build configuration list for PBXProject "CosmedProducts" */ = {
			isa = XCConfigurationList;
			buildConfigurations = (
				F35B19BE1C5349E8002FABAC /* Debug */,
				F35B19BF1C5349E8002FABAC /* Release */,
			);
			defaultConfigurationIsVisible = 0;
			defaultConfigurationName = Release;
		};
		F35B19C01C5349E8002FABAC /* Build configuration list for PBXNativeTarget "CosmedProducts" */ = {
			isa = XCConfigurationList;
			buildConfigurations = (
				F35B19C11C5349E8002FABAC /* Debug */,
				F35B19C21C5349E8002FABAC /* Release */,
			);
			defaultConfigurationIsVisible = 0;
			defaultConfigurationName = Release;
		};
/* End XCConfigurationList section */
	};
	rootObject = F35B19A61C5349E8002FABAC /* Project object */;
}
